
Microsoft Visual Studio Solution File, Format Version 12.00
# Visual Studio Version 16
VisualStudioVersion = 16.0.30907.101
MinimumVisualStudioVersion = 10.0.40219.1
Project("{FAE04EC0-301F-11D3-BF4B-00C04F79EFBC}") = "InCalss1", "week2\InCalss1.csproj", "{58F533BA-4AA5-42F9-8602-2B76861D79DF}"
EndProject
Global
	GlobalSection(SolutionConfigurationPlatforms) = preSolution
		Debug|Any CPU = Debug|Any CPU
		Release|Any CPU = Release|Any CPU
	EndGlobalSection
	GlobalSection(ProjectConfigurationPlatforms) = postSolution
		{58F533BA-4AA5-42F9-8602-2B76861D79DF}.Debug|Any CPU.ActiveCfg = Debug|Any CPU
		{58F533BA-4AA5-42F9-8602-2B76861D79DF}.Debug|Any CPU.Build.0 = Debug|Any CPU
		{58F533BA-4AA5-42F9-8602-2B76861D79DF}.Release|Any CPU.ActiveCfg = Release|Any CPU
		{58F533BA-4AA5-42F9-8602-2B76861D79DF}.Release|Any CPU.Build.0 = Release|Any CPU
	EndGlobalSection
	GlobalSection(SolutionProperties) = preSolution
		HideSolutionNode = FALSE
	EndGlobalSection
	GlobalSection(ExtensibilityGlobals) = postSolution
		SolutionGuid = {86A7A4FB-035D-4A1D-B498-C9DA3894472C}
	EndGlobalSection
EndGlobal
