
Microsoft Visual Studio Solution File, Format Version 12.00
# Visual Studio Version 16
VisualStudioVersion = 16.0.31105.61
MinimumVisualStudioVersion = 10.0.40219.1
Project("{FAE04EC0-301F-11D3-BF4B-00C04F79EFBC}") = "InClass3", "InClass3\InClass3.csproj", "{04355975-DBA9-4185-BCD5-1915DAD694F6}"
EndProject
Global
	GlobalSection(SolutionConfigurationPlatforms) = preSolution
		Debug|Any CPU = Debug|Any CPU
		Release|Any CPU = Release|Any CPU
	EndGlobalSection
	GlobalSection(ProjectConfigurationPlatforms) = postSolution
		{04355975-DBA9-4185-BCD5-1915DAD694F6}.Debug|Any CPU.ActiveCfg = Debug|Any CPU
		{04355975-DBA9-4185-BCD5-1915DAD694F6}.Debug|Any CPU.Build.0 = Debug|Any CPU
		{04355975-DBA9-4185-BCD5-1915DAD694F6}.Release|Any CPU.ActiveCfg = Release|Any CPU
		{04355975-DBA9-4185-BCD5-1915DAD694F6}.Release|Any CPU.Build.0 = Release|Any CPU
	EndGlobalSection
	GlobalSection(SolutionProperties) = preSolution
		HideSolutionNode = FALSE
	EndGlobalSection
	GlobalSection(ExtensibilityGlobals) = postSolution
		SolutionGuid = {2B40E49B-285C-4E2D-976F-B011937CAADE}
	EndGlobalSection
EndGlobal
